
Microsoft Visual Studio Solution File, Format Version 12.00
# Visual Studio Version 16
VisualStudioVersion = 16.0.31129.286
MinimumVisualStudioVersion = 10.0.40219.1
Project("{FAE04EC0-301F-11D3-BF4B-00C04F79EFBC}") = "EFCoreTools", "EFCoreTools.csproj", "{6AC6FDA9-4759-4AA7-9B41-097455803F9B}"
EndProject
Global
	GlobalSection(SolutionConfigurationPlatforms) = preSolution
		Debug|Any CPU = Debug|Any CPU
		Release|Any CPU = Release|Any CPU
	EndGlobalSection
	GlobalSection(ProjectConfigurationPlatforms) = postSolution
		{6AC6FDA9-4759-4AA7-9B41-097455803F9B}.Debug|Any CPU.ActiveCfg = Debug|Any CPU
		{6AC6FDA9-4759-4AA7-9B41-097455803F9B}.Debug|Any CPU.Build.0 = Debug|Any CPU
		{6AC6FDA9-4759-4AA7-9B41-097455803F9B}.Release|Any CPU.ActiveCfg = Release|Any CPU
		{6AC6FDA9-4759-4AA7-9B41-097455803F9B}.Release|Any CPU.Build.0 = Release|Any CPU
	EndGlobalSection
	GlobalSection(SolutionProperties) = preSolution
		HideSolutionNode = FALSE
	EndGlobalSection
	GlobalSection(ExtensibilityGlobals) = postSolution
		SolutionGuid = {991A1E70-43DA-4030-8FBB-6C1DF4447DB8}
	EndGlobalSection
EndGlobal
